
Microsoft Visual Studio Solution File, Format Version 12.00
# Visual Studio Version 17
VisualStudioVersion = 17.3.32929.385
MinimumVisualStudioVersion = 10.0.40219.1
Project("{FAE04EC0-301F-11D3-BF4B-00C04F79EFBC}") = "csvreading4", "csvreading4\csvreading4.csproj", "{A0F4B68F-DEE9-49D5-BE5E-96A736B819BF}"
EndProject
Global
	GlobalSection(SolutionConfigurationPlatforms) = preSolution
		Debug|Any CPU = Debug|Any CPU
		Release|Any CPU = Release|Any CPU
	EndGlobalSection
	GlobalSection(ProjectConfigurationPlatforms) = postSolution
		{A0F4B68F-DEE9-49D5-BE5E-96A736B819BF}.Debug|Any CPU.ActiveCfg = Debug|Any CPU
		{A0F4B68F-DEE9-49D5-BE5E-96A736B819BF}.Debug|Any CPU.Build.0 = Debug|Any CPU
		{A0F4B68F-DEE9-49D5-BE5E-96A736B819BF}.Release|Any CPU.ActiveCfg = Release|Any CPU
		{A0F4B68F-DEE9-49D5-BE5E-96A736B819BF}.Release|Any CPU.Build.0 = Release|Any CPU
	EndGlobalSection
	GlobalSection(SolutionProperties) = preSolution
		HideSolutionNode = FALSE
	EndGlobalSection
	GlobalSection(ExtensibilityGlobals) = postSolution
		SolutionGuid = {7AC7D0F4-A794-493D-9351-EA18C8864FD0}
	EndGlobalSection
EndGlobal
